
Microsoft Visual Studio Solution File, Format Version 12.00
# Visual Studio Version 16
VisualStudioVersion = 16.0.29326.143
MinimumVisualStudioVersion = 10.0.40219.1
Project("{FAE04EC0-301F-11D3-BF4B-00C04F79EFBC}") = "WebApiCore_3_0", "WebApiCore_3_0\WebApiCore_3_0.csproj", "{BA78E2CA-FFE5-4E2A-8EE3-338BC702D8E3}"
EndProject
Global
	GlobalSection(SolutionConfigurationPlatforms) = preSolution
		Debug|Any CPU = Debug|Any CPU
		Release|Any CPU = Release|Any CPU
	EndGlobalSection
	GlobalSection(ProjectConfigurationPlatforms) = postSolution
		{BA78E2CA-FFE5-4E2A-8EE3-338BC702D8E3}.Debug|Any CPU.ActiveCfg = Debug|Any CPU
		{BA78E2CA-FFE5-4E2A-8EE3-338BC702D8E3}.Debug|Any CPU.Build.0 = Debug|Any CPU
		{BA78E2CA-FFE5-4E2A-8EE3-338BC702D8E3}.Release|Any CPU.ActiveCfg = Release|Any CPU
		{BA78E2CA-FFE5-4E2A-8EE3-338BC702D8E3}.Release|Any CPU.Build.0 = Release|Any CPU
	EndGlobalSection
	GlobalSection(SolutionProperties) = preSolution
		HideSolutionNode = FALSE
	EndGlobalSection
	GlobalSection(ExtensibilityGlobals) = postSolution
		SolutionGuid = {F971B16C-9800-4D29-9215-04EFA9FF83B3}
	EndGlobalSection
EndGlobal
